// !$*UTF8*$!
{
	archiveVersion = 1;
	classes = {
	};
	objectVersion = 50;
	objects = {

/* Begin PBXBuildFile section */
		976489F7217E7E57005BEE05 /* AppDelegate.swift in Sources */ = {isa = PBXBuildFile; fileRef = 976489F6217E7E57005BEE05 /* AppDelegate.swift */; };
		976489F9217E7E57005BEE05 /* ViewController.swift in Sources */ = {isa = PBXBuildFile; fileRef = 976489F8217E7E57005BEE05 /* ViewController.swift */; };
		976489FC217E7E57005BEE05 /* Main.storyboard in Resources */ = {isa = PBXBuildFile; fileRef = 976489FA217E7E57005BEE05 /* Main.storyboard */; };
		976489FE217E7E5D005BEE05 /* Assets.xcassets in Resources */ = {isa = PBXBuildFile; fileRef = 976489FD217E7E5D005BEE05 /* Assets.xcassets */; };
		97648A01217E7E5D005BEE05 /* LaunchScreen.storyboard in Resources */ = {isa = PBXBuildFile; fileRef = 976489FF217E7E5D005BEE05 /* LaunchScreen.storyboard */; };
		97648A0C217E7E5D005BEE05 /* CanvasTests.swift in Sources */ = {isa = PBXBuildFile; fileRef = 97648A0B217E7E5D005BEE05 /* CanvasTests.swift */; };
		97648A17217E7E5D005BEE05 /* CanvasUITests.swift in Sources */ = {isa = PBXBuildFile; fileRef = 97648A16217E7E5D005BEE05 /* CanvasUITests.swift */; };
/* End PBXBuildFile section */

/* Begin PBXContainerItemProxy section */
		97648A08217E7E5D005BEE05 /* PBXContainerItemProxy */ = {
			isa = PBXContainerItemProxy;
			containerPortal = 976489EB217E7E57005BEE05 /* Project object */;
			proxyType = 1;
			remoteGlobalIDString = 976489F2217E7E57005BEE05;
			remoteInfo = Canvas;
		};
		97648A13217E7E5D005BEE05 /* PBXContainerItemProxy */ = {
			isa = PBXContainerItemProxy;
			containerPortal = 976489EB217E7E57005BEE05 /* Project object */;
			proxyType = 1;
			remoteGlobalIDString = 976489F2217E7E57005BEE05;
			remoteInfo = Canvas;
		};
/* End PBXContainerItemProxy section */

/* Begin PBXFileReference section */
		976489F3217E7E57005BEE05 /* Canvas.app */ = {isa = PBXFileReference; explicitFileType = wrapper.application; includeInIndex = 0; path = Canvas.app; sourceTree = BUILT_PRODUCTS_DIR; };
		976489F6217E7E57005BEE05 /* AppDelegate.swift */ = {isa = PBXFileReference; lastKnownFileType = sourcecode.swift; path = AppDelegate.swift; sourceTree = "<group>"; };
		976489F8217E7E57005BEE05 /* ViewController.swift */ = {isa = PBXFileReference; lastKnownFileType = sourcecode.swift; path = ViewController.swift; sourceTree = "<group>"; };
		976489FB217E7E57005BEE05 /* Base */ = {isa = PBXFileReference; lastKnownFileType = file.storyboard; name = Base; path = Base.lproj/Main.storyboard; sourceTree = "<group>"; };
		976489FD217E7E5D005BEE05 /* Assets.xcassets */ = {isa = PBXFileReference; lastKnownFileType = folder.assetcatalog; path = Assets.xcassets; sourceTree = "<group>"; };
		97648A00217E7E5D005BEE05 /* Base */ = {isa = PBXFileReference; lastKnownFileType = file.storyboard; name = Base; path = Base.lproj/LaunchScreen.storyboard; sourceTree = "<group>"; };
		97648A02217E7E5D005BEE05 /* Info.plist */ = {isa = PBXFileReference; lastKnownFileType = text.plist.xml; path = Info.plist; sourceTree = "<group>"; };
		97648A07217E7E5D005BEE05 /* CanvasTests.xctest */ = {isa = PBXFileReference; explicitFileType = wrapper.cfbundle; includeInIndex = 0; path = CanvasTests.xctest; sourceTree = BUILT_PRODUCTS_DIR; };
		97648A0B217E7E5D005BEE05 /* CanvasTests.swift */ = {isa = PBXFileReference; lastKnownFileType = sourcecode.swift; path = CanvasTests.swift; sourceTree = "<group>"; };
		97648A0D217E7E5D005BEE05 /* Info.plist */ = {isa = PBXFileReference; lastKnownFileType = text.plist.xml; path = Info.plist; sourceTree = "<group>"; };
		97648A12217E7E5D005BEE05 /* CanvasUITests.xctest */ = {isa = PBXFileReference; explicitFileType = wrapper.cfbundle; includeInIndex = 0; path = CanvasUITests.xctest; sourceTree = BUILT_PRODUCTS_DIR; };
		97648A16217E7E5D005BEE05 /* CanvasUITests.swift */ = {isa = PBXFileReference; lastKnownFileType = sourcecode.swift; path = CanvasUITests.swift; sourceTree = "<group>"; };
		97648A18217E7E5D005BEE05 /* Info.plist */ = {isa = PBXFileReference; lastKnownFileType = text.plist.xml; path = Info.plist; sourceTree = "<group>"; };
/* End PBXFileReference section */

/* Begin PBXFrameworksBuildPhase section */
		976489F0217E7E57005BEE05 /* Frameworks */ = {
			isa = PBXFrameworksBuildPhase;
			buildActionMask = 2147483647;
			files = (
			);
			runOnlyForDeploymentPostprocessing = 0;
		};
		97648A04217E7E5D005BEE05 /* Frameworks */ = {
			isa = PBXFrameworksBuildPhase;
			buildActionMask = 2147483647;
			files = (
			);
			runOnlyForDeploymentPostprocessing = 0;
		};
		97648A0F217E7E5D005BEE05 /* Frameworks */ = {
			isa = PBXFrameworksBuildPhase;
			buildActionMask = 2147483647;
			files = (
			);
			runOnlyForDeploymentPostprocessing = 0;
		};
/* End PBXFrameworksBuildPhase section */

/* Begin PBXGroup section */
		976489EA217E7E57005BEE05 = {
			isa = PBXGroup;
			children = (
				976489F5217E7E57005BEE05 /* Canvas */,
				97648A0A217E7E5D005BEE05 /* CanvasTests */,
				97648A15217E7E5D005BEE05 /* CanvasUITests */,
				976489F4217E7E57005BEE05 /* Products */,
			);
			sourceTree = "<group>";
		};
		976489F4217E7E57005BEE05 /* Products */ = {
			isa = PBXGroup;
			children = (
				976489F3217E7E57005BEE05 /* Canvas.app */,
				97648A07217E7E5D005BEE05 /* CanvasTests.xctest */,
				97648A12217E7E5D005BEE05 /* CanvasUITests.xctest */,
			);
			name = Products;
			sourceTree = "<group>";
		};
		976489F5217E7E57005BEE05 /* Canvas */ = {
			isa = PBXGroup;
			children = (
				976489F6217E7E57005BEE05 /* AppDelegate.swift */,
				976489F8217E7E57005BEE05 /* ViewController.swift */,
				976489FA217E7E57005BEE05 /* Main.storyboard */,
				976489FD217E7E5D005BEE05 /* Assets.xcassets */,
				976489FF217E7E5D005BEE05 /* LaunchScreen.storyboard */,
				97648A02217E7E5D005BEE05 /* Info.plist */,
			);
			path = Canvas;
			sourceTree = "<group>";
		};
		97648A0A217E7E5D005BEE05 /* CanvasTests */ = {
			isa = PBXGroup;
			children = (
				97648A0B217E7E5D005BEE05 /* CanvasTests.swift */,
				97648A0D217E7E5D005BEE05 /* Info.plist */,
			);
			path = CanvasTests;
			sourceTree = "<group>";
		};
		97648A15217E7E5D005BEE05 /* CanvasUITests */ = {
			isa = PBXGroup;
			children = (
				97648A16217E7E5D005BEE05 /* CanvasUITests.swift */,
				97648A18217E7E5D005BEE05 /* Info.plist */,
			);
			path = CanvasUITests;
			sourceTree = "<group>";
		};
/* End PBXGroup section */

/* Begin PBXNativeTarget section */
		976489F2217E7E57005BEE05 /* Canvas */ = {
			isa = PBXNativeTarget;
			buildConfigurationList = 97648A1B217E7E5D005BEE05 /* Build configuration list for PBXNativeTarget "Canvas" */;
			buildPhases = (
				976489EF217E7E57005BEE05 /* Sources */,
				976489F0217E7E57005BEE05 /* Frameworks */,
				976489F1217E7E57005BEE05 /* Resources */,
			);
			buildRules = (
			);
			dependencies = (
			);
			name = Canvas;
			productName = Canvas;
			productReference = 976489F3217E7E57005BEE05 /* Canvas.app */;
			productType = "com.apple.product-type.application";
		};
		97648A06217E7E5D005BEE05 /* CanvasTests */ = {
			isa = PBXNativeTarget;
			buildConfigurationList = 97648A1E217E7E5D005BEE05 /* Build configuration list for PBXNativeTarget "CanvasTests" */;
			buildPhases = (
				97648A03217E7E5D005BEE05 /* Sources */,
				97648A04217E7E5D005BEE05 /* Frameworks */,
				97648A05217E7E5D005BEE05 /* Resources */,
			);
			buildRules = (
			);
			dependencies = (
				97648A09217E7E5D005BEE05 /* PBXTargetDependency */,
			);
			name = CanvasTests;
			productName = CanvasTests;
			productReference = 97648A07217E7E5D005BEE05 /* CanvasTests.xctest */;
			productType = "com.apple.product-type.bundle.unit-test";
		};
		97648A11217E7E5D005BEE05 /* CanvasUITests */ = {
			isa = PBXNativeTarget;
			buildConfigurationList = 97648A21217E7E5D005BEE05 /* Build configuration list for PBXNativeTarget "CanvasUITests" */;
			buildPhases = (
				97648A0E217E7E5D005BEE05 /* Sources */,
				97648A0F217E7E5D005BEE05 /* Frameworks */,
				97648A10217E7E5D005BEE05 /* Resources */,
			);
			buildRules = (
			);
			dependencies = (
				97648A14217E7E5D005BEE05 /* PBXTargetDependency */,
			);
			name = CanvasUITests;
			productName = CanvasUITests;
			productReference = 97648A12217E7E5D005BEE05 /* CanvasUITests.xctest */;
			productType = "com.apple.product-type.bundle.ui-testing";
		};
/* End PBXNativeTarget section */

/* Begin PBXProject section */
		976489EB217E7E57005BEE05 /* Project object */ = {
			isa = PBXProject;
			attributes = {
				LastSwiftUpdateCheck = 0930;
				LastUpgradeCheck = 0930;
				ORGANIZATIONNAME = "Vibhu Appalaraju";
				TargetAttributes = {
					976489F2217E7E57005BEE05 = {
						CreatedOnToolsVersion = 9.3.1;
					};
					97648A06217E7E5D005BEE05 = {
						CreatedOnToolsVersion = 9.3.1;
						TestTargetID = 976489F2217E7E57005BEE05;
					};
					97648A11217E7E5D005BEE05 = {
						CreatedOnToolsVersion = 9.3.1;
						TestTargetID = 976489F2217E7E57005BEE05;
					};
				};
			};
			buildConfigurationList = 976489EE217E7E57005BEE05 /* Build configuration list for PBXProject "Canvas" */;
			compatibilityVersion = "Xcode 9.3";
			developmentRegion = en;
			hasScannedForEncodings = 0;
			knownRegions = (
				en,
				Base,
			);
			mainGroup = 976489EA217E7E57005BEE05;
			productRefGroup = 976489F4217E7E57005BEE05 /* Products */;
			projectDirPath = "";
			projectRoot = "";
			targets = (
				976489F2217E7E57005BEE05 /* Canvas */,
				97648A06217E7E5D005BEE05 /* CanvasTests */,
				97648A11217E7E5D005BEE05 /* CanvasUITests */,
			);
		};
/* End PBXProject section */

/* Begin PBXResourcesBuildPhase section */
		976489F1217E7E57005BEE05 /* Resources */ = {
			isa = PBXResourcesBuildPhase;
			buildActionMask = 2147483647;
			files = (
				97648A01217E7E5D005BEE05 /* LaunchScreen.storyboard in Resources */,
				976489FE217E7E5D005BEE05 /* Assets.xcassets in Resources */,
				976489FC217E7E57005BEE05 /* Main.storyboard in Resources */,
			);
			runOnlyForDeploymentPostprocessing = 0;
		};
		97648A05217E7E5D005BEE05 /* Resources */ = {
			isa = PBXResourcesBuildPhase;
			buildActionMask = 2147483647;
			files = (
			);
			runOnlyForDeploymentPostprocessing = 0;
		};
		97648A10217E7E5D005BEE05 /* Resources */ = {
			isa = PBXResourcesBuildPhase;
			buildActionMask = 2147483647;
			files = (
			);
			runOnlyForDeploymentPostprocessing = 0;
		};
/* End PBXResourcesBuildPhase section */

/* Begin PBXSourcesBuildPhase section */
		976489EF217E7E57005BEE05 /* Sources */ = {
			isa = PBXSourcesBuildPhase;
			buildActionMask = 2147483647;
			files = (
				976489F9217E7E57005BEE05 /* ViewController.swift in Sources */,
				976489F7217E7E57005BEE05 /* AppDelegate.swift in Sources */,
			);
			runOnlyForDeploymentPostprocessing = 0;
		};
		97648A03217E7E5D005BEE05 /* Sources */ = {
			isa = PBXSourcesBuildPhase;
			buildActionMask = 2147483647;
			files = (
				97648A0C217E7E5D005BEE05 /* CanvasTests.swift in Sources */,
			);
			runOnlyForDeploymentPostprocessing = 0;
		};
		97648A0E217E7E5D005BEE05 /* Sources */ = {
			isa = PBXSourcesBuildPhase;
			buildActionMask = 2147483647;
			files = (
				97648A17217E7E5D005BEE05 /* CanvasUITests.swift in Sources */,
			);
			runOnlyForDeploymentPostprocessing = 0;
		};
/* End PBXSourcesBuildPhase section */

/* Begin PBXTargetDependency section */
		97648A09217E7E5D005BEE05 /* PBXTargetDependency */ = {
			isa = PBXTargetDependency;
			target = 976489F2217E7E57005BEE05 /* Canvas */;
			targetProxy = 97648A08217E7E5D005BEE05 /* PBXContainerItemProxy */;
		};
		97648A14217E7E5D005BEE05 /* PBXTargetDependency */ = {
			isa = PBXTargetDependency;
			target = 976489F2217E7E57005BEE05 /* Canvas */;
			targetProxy = 97648A13217E7E5D005BEE05 /* PBXContainerItemProxy */;
		};
/* End PBXTargetDependency section */

/* Begin PBXVariantGroup section */
		976489FA217E7E57005BEE05 /* Main.storyboard */ = {
			isa = PBXVariantGroup;
			children = (
				976489FB217E7E57005BEE05 /* Base */,
			);
			name = Main.storyboard;
			sourceTree = "<group>";
		};
		976489FF217E7E5D005BEE05 /* LaunchScreen.storyboard */ = {
			isa = PBXVariantGroup;
			children = (
				97648A00217E7E5D005BEE05 /* Base */,
			);
			name = LaunchScreen.storyboard;
			sourceTree = "<group>";
		};
/* End PBXVariantGroup section */

/* Begin XCBuildConfiguration section */
		97648A19217E7E5D005BEE05 /* Debug */ = {
			isa = XCBuildConfiguration;
			buildSettings = {
				ALWAYS_SEARCH_USER_PATHS = NO;
				CLANG_ANALYZER_NONNULL = YES;
				CLANG_ANALYZER_NUMBER_OBJECT_CONVERSION = YES_AGGRESSIVE;
				CLANG_CXX_LANGUAGE_STANDARD = "gnu++14";
				CLANG_CXX_LIBRARY = "libc++";
				CLANG_ENABLE_MODULES = YES;
				CLANG_ENABLE_OBJC_ARC = YES;
				CLANG_ENABLE_OBJC_WEAK = YES;
				CLANG_WARN_BLOCK_CAPTURE_AUTORELEASING = YES;
				CLANG_WARN_BOOL_CONVERSION = YES;
				CLANG_WARN_COMMA = YES;
				CLANG_WARN_CONSTANT_CONVERSION = YES;
				CLANG_WARN_DEPRECATED_OBJC_IMPLEMENTATIONS = YES;
				CLANG_WARN_DIRECT_OBJC_ISA_USAGE = YES_ERROR;
				CLANG_WARN_DOCUMENTATION_COMMENTS = YES;
				CLANG_WARN_EMPTY_BODY = YES;
				CLANG_WARN_ENUM_CONVERSION = YES;
				CLANG_WARN_INFINITE_RECURSION = YES;
				CLANG_WARN_INT_CONVERSION = YES;
				CLANG_WARN_NON_LITERAL_NULL_CONVERSION = YES;
				CLANG_WARN_OBJC_IMPLICIT_RETAIN_SELF = YES;
				CLANG_WARN_OBJC_LITERAL_CONVERSION = YES;
				CLANG_WARN_OBJC_ROOT_CLASS = YES_ERROR;
				CLANG_WARN_RANGE_LOOP_ANALYSIS = YES;
				CLANG_WARN_STRICT_PROTOTYPES = YES;
				CLANG_WARN_SUSPICIOUS_MOVE = YES;
				CLANG_WARN_UNGUARDED_AVAILABILITY = YES_AGGRESSIVE;
				CLANG_WARN_UNREACHABLE_CODE = YES;
				CLANG_WARN__DUPLICATE_METHOD_MATCH = YES;
				CODE_SIGN_IDENTITY = "iPhone Developer";
				COPY_PHASE_STRIP = NO;
				DEBUG_INFORMATION_FORMAT = dwarf;
				ENABLE_STRICT_OBJC_MSGSEND = YES;
				ENABLE_TESTABILITY = YES;
				GCC_C_LANGUAGE_STANDARD = gnu11;
				GCC_DYNAMIC_NO_PIC = NO;
				GCC_NO_COMMON_BLOCKS = YES;
				GCC_OPTIMIZATION_LEVEL = 0;
				GCC_PREPROCESSOR_DEFINITIONS = (
					"DEBUG=1",
					"$(inherited)",
				);
				GCC_WARN_64_TO_32_BIT_CONVERSION = YES;
				GCC_WARN_ABOUT_RETURN_TYPE = YES_ERROR;
				GCC_WARN_UNDECLARED_SELECTOR = YES;
				GCC_WARN_UNINITIALIZED_AUTOS = YES_AGGRESSIVE;
				GCC_WARN_UNUSED_FUNCTION = YES;
				GCC_WARN_UNUSED_VARIABLE = YES;
				IPHONEOS_DEPLOYMENT_TARGET = 11.3;
				MTL_ENABLE_DEBUG_INFO = YES;
				ONLY_ACTIVE_ARCH = YES;
				SDKROOT = iphoneos;
				SWIFT_ACTIVE_COMPILATION_CONDITIONS = DEBUG;
				SWIFT_OPTIMIZATION_LEVEL = "-Onone";
			};
			name = Debug;
		};
		97648A1A217E7E5D005BEE05 /* Release */ = {
			isa = XCBuildConfiguration;
			buildSettings = {
				ALWAYS_SEARCH_USER_PATHS = NO;
				CLANG_ANALYZER_NONNULL = YES;
				CLANG_ANALYZER_NUMBER_OBJECT_CONVERSION = YES_AGGRESSIVE;
				CLANG_CXX_LANGUAGE_STANDARD = "gnu++14";
				CLANG_CXX_LIBRARY = "libc++";
				CLANG_ENABLE_MODULES = YES;
				CLANG_ENABLE_OBJC_ARC = YES;
				CLANG_ENABLE_OBJC_WEAK = YES;
				CLANG_WARN_BLOCK_CAPTURE_AUTORELEASING = YES;
				CLANG_WARN_BOOL_CONVERSION = YES;
				CLANG_WARN_COMMA = YES;
				CLANG_WARN_CONSTANT_CONVERSION = YES;
				CLANG_WARN_DEPRECATED_OBJC_IMPLEMENTATIONS = YES;
				CLANG_WARN_DIRECT_OBJC_ISA_USAGE = YES_ERROR;
				CLANG_WARN_DOCUMENTATION_COMMENTS = YES;
				CLANG_WARN_EMPTY_BODY = YES;
				CLANG_WARN_ENUM_CONVERSION = YES;
				CLANG_WARN_INFINITE_RECURSION = YES;
				CLANG_WARN_INT_CONVERSION = YES;
				CLANG_WARN_NON_LITERAL_NULL_CONVERSION = YES;
				CLANG_WARN_OBJC_IMPLICIT_RETAIN_SELF = YES;
				CLANG_WARN_OBJC_LITERAL_CONVERSION = YES;
				CLANG_WARN_OBJC_ROOT_CLASS = YES_ERROR;
				CLANG_WARN_RANGE_LOOP_ANALYSIS = YES;
				CLANG_WARN_STRICT_PROTOTYPES = YES;
				CLANG_WARN_SUSPICIOUS_MOVE = YES;
				CLANG_WARN_UNGUARDED_AVAILABILITY = YES_AGGRESSIVE;
				CLANG_WARN_UNREACHABLE_CODE = YES;
				CLANG_WARN__DUPLICATE_METHOD_MATCH = YES;
				CODE_SIGN_IDENTITY = "iPhone Developer";
				COPY_PHASE_STRIP = NO;
				DEBUG_INFORMATION_FORMAT = "dwarf-with-dsym";
				ENABLE_NS_ASSERTIONS = NO;
				ENABLE_STRICT_OBJC_MSGSEND = YES;
				GCC_C_LANGUAGE_STANDARD = gnu11;
				GCC_NO_COMMON_BLOCKS = YES;
				GCC_WARN_64_TO_32_BIT_CONVERSION = YES;
				GCC_WARN_ABOUT_RETURN_TYPE = YES_ERROR;
				GCC_WARN_UNDECLARED_SELECTOR = YES;
				GCC_WARN_UNINITIALIZED_AUTOS = YES_AGGRESSIVE;
				GCC_WARN_UNUSED_FUNCTION = YES;
				GCC_WARN_UNUSED_VARIABLE = YES;
				IPHONEOS_DEPLOYMENT_TARGET = 11.3;
				MTL_ENABLE_DEBUG_INFO = NO;
				SDKROOT = iphoneos;
				SWIFT_COMPILATION_MODE = wholemodule;
				SWIFT_OPTIMIZATION_LEVEL = "-O";
				VALIDATE_PRODUCT = YES;
			};
			name = Release;
		};
		97648A1C217E7E5D005BEE05 /* Debug */ = {
			isa = XCBuildConfiguration;
			buildSettings = {
				ASSETCATALOG_COMPILER_APPICON_NAME = AppIcon;
				CODE_SIGN_STYLE = Automatic;
				INFOPLIST_FILE = Canvas/Info.plist;
				LD_RUNPATH_SEARCH_PATHS = (
					"$(inherited)",
					"@executable_path/Frameworks",
				);
				PRODUCT_BUNDLE_IDENTIFIER = com.vibhuappalaraju.Canvas;
				PRODUCT_NAME = "$(TARGET_NAME)";
				SWIFT_VERSION = 4.0;
				TARGETED_DEVICE_FAMILY = "1,2";
			};
			name = Debug;
		};
		97648A1D217E7E5D005BEE05 /* Release */ = {
			isa = XCBuildConfiguration;
			buildSettings = {
				ASSETCATALOG_COMPILER_APPICON_NAME = AppIcon;
				CODE_SIGN_STYLE = Automatic;
				INFOPLIST_FILE = Canvas/Info.plist;
				LD_RUNPATH_SEARCH_PATHS = (
					"$(inherited)",
					"@executable_path/Frameworks",
				);
				PRODUCT_BUNDLE_IDENTIFIER = com.vibhuappalaraju.Canvas;
				PRODUCT_NAME = "$(TARGET_NAME)";
				SWIFT_VERSION = 4.0;
				TARGETED_DEVICE_FAMILY = "1,2";
			};
			name = Release;
		};
		97648A1F217E7E5D005BEE05 /* Debug */ = {
			isa = XCBuildConfiguration;
			buildSettings = {
				ALWAYS_EMBED_SWIFT_STANDARD_LIBRARIES = YES;
				BUNDLE_LOADER = "$(TEST_HOST)";
				CODE_SIGN_STYLE = Automatic;
				INFOPLIST_FILE = CanvasTests/Info.plist;
				LD_RUNPATH_SEARCH_PATHS = (
					"$(inherited)",
					"@executable_path/Frameworks",
					"@loader_path/Frameworks",
				);
				PRODUCT_BUNDLE_IDENTIFIER = com.vibhuappalaraju.CanvasTests;
				PRODUCT_NAME = "$(TARGET_NAME)";
				SWIFT_VERSION = 4.0;
				TARGETED_DEVICE_FAMILY = "1,2";
				TEST_HOST = "$(BUILT_PRODUCTS_DIR)/Canvas.app/Canvas";
			};
			name = Debug;
		};
		97648A20217E7E5D005BEE05 /* Release */ = {
			isa = XCBuildConfiguration;
			buildSettings = {
				ALWAYS_EMBED_SWIFT_STANDARD_LIBRARIES = YES;
				BUNDLE_LOADER = "$(TEST_HOST)";
				CODE_SIGN_STYLE = Automatic;
				INFOPLIST_FILE = CanvasTests/Info.plist;
				LD_RUNPATH_SEARCH_PATHS = (
					"$(inherited)",
					"@executable_path/Frameworks",
					"@loader_path/Frameworks",
				);
				PRODUCT_BUNDLE_IDENTIFIER = com.vibhuappalaraju.CanvasTests;
				PRODUCT_NAME = "$(TARGET_NAME)";
				SWIFT_VERSION = 4.0;
				TARGETED_DEVICE_FAMILY = "1,2";
				TEST_HOST = "$(BUILT_PRODUCTS_DIR)/Canvas.app/Canvas";
			};
			name = Release;
		};
		97648A22217E7E5D005BEE05 /* Debug */ = {
			isa = XCBuildConfiguration;
			buildSettings = {
				ALWAYS_EMBED_SWIFT_STANDARD_LIBRARIES = YES;
				CODE_SIGN_STYLE = Automatic;
				INFOPLIST_FILE = CanvasUITests/Info.plist;
				LD_RUNPATH_SEARCH_PATHS = (
					"$(inherited)",
					"@executable_path/Frameworks",
					"@loader_path/Frameworks",
				);
				PRODUCT_BUNDLE_IDENTIFIER = com.vibhuappalaraju.CanvasUITests;
				PRODUCT_NAME = "$(TARGET_NAME)";
				SWIFT_VERSION = 4.0;
				TARGETED_DEVICE_FAMILY = "1,2";
				TEST_TARGET_NAME = Canvas;
			};
			name = Debug;
		};
		97648A23217E7E5D005BEE05 /* Release */ = {
			isa = XCBuildConfiguration;
			buildSettings = {
				ALWAYS_EMBED_SWIFT_STANDARD_LIBRARIES = YES;
				CODE_SIGN_STYLE = Automatic;
				INFOPLIST_FILE = CanvasUITests/Info.plist;
				LD_RUNPATH_SEARCH_PATHS = (
					"$(inherited)",
					"@executable_path/Frameworks",
					"@loader_path/Frameworks",
				);
				PRODUCT_BUNDLE_IDENTIFIER = com.vibhuappalaraju.CanvasUITests;
				PRODUCT_NAME = "$(TARGET_NAME)";
				SWIFT_VERSION = 4.0;
				TARGETED_DEVICE_FAMILY = "1,2";
				TEST_TARGET_NAME = Canvas;
			};
			name = Release;
		};
/* End XCBuildConfiguration section */

/* Begin XCConfigurationList section */
		976489EE217E7E57005BEE05 /* Build configuration list for PBXProject "Canvas" */ = {
			isa = XCConfigurationList;
			buildConfigurations = (
				97648A19217E7E5D005BEE05 /* Debug */,
				97648A1A217E7E5D005BEE05 /* Release */,
			);
			defaultConfigurationIsVisible = 0;
			defaultConfigurationName = Release;
		};
		97648A1B217E7E5D005BEE05 /* Build configuration list for PBXNativeTarget "Canvas" */ = {
			isa = XCConfigurationList;
			buildConfigurations = (
				97648A1C217E7E5D005BEE05 /* Debug */,
				97648A1D217E7E5D005BEE05 /* Release */,
			);
			defaultConfigurationIsVisible = 0;
			defaultConfigurationName = Release;
		};
		97648A1E217E7E5D005BEE05 /* Build configuration list for PBXNativeTarget "CanvasTests" */ = {
			isa = XCConfigurationList;
			buildConfigurations = (
				97648A1F217E7E5D005BEE05 /* Debug */,
				97648A20217E7E5D005BEE05 /* Release */,
			);
			defaultConfigurationIsVisible = 0;
			defaultConfigurationName = Release;
		};
		97648A21217E7E5D005BEE05 /* Build configuration list for PBXNativeTarget "CanvasUITests" */ = {
			isa = XCConfigurationList;
			buildConfigurations = (
				97648A22217E7E5D005BEE05 /* Debug */,
				97648A23217E7E5D005BEE05 /* Release */,
			);
			defaultConfigurationIsVisible = 0;
			defaultConfigurationName = Release;
		};
/* End XCConfigurationList section */
	};
	rootObject = 976489EB217E7E57005BEE05 /* Project object */;
}
